
Microsoft Visual Studio Solution File, Format Version 12.00
# Visual Studio Version 17
VisualStudioVersion = 17.9.34607.119
MinimumVisualStudioVersion = 10.0.40219.1
Project("{2150E333-8FDC-42A3-9474-1A3956D46DE8}") = "External", "External", "{1308CF86-BE9E-40FB-B47D-C1AA3E8B69CD}"
EndProject
Project("{2150E333-8FDC-42A3-9474-1A3956D46DE8}") = "Plugins", "Plugins", "{8DEE9CBE-EB22-4409-936B-4C09C9E7004D}"
EndProject
Project("{FAE04EC0-301F-11D3-BF4B-00C04F79EFBC}") = "BehaviacDesigner", "BehaviacDesigner\BehaviacDesigner.csproj", "{DE22E2F7-F314-458E-8D17-223CD099B2F0}"
	ProjectSection(ProjectDependencies) = postProject
		{326CC795-9695-4B8E-9EB4-5C7EA28B0344} = {326CC795-9695-4B8E-9EB4-5C7EA28B0344}
	EndProjectSection
EndProject
Project("{FAE04EC0-301F-11D3-BF4B-00C04F79EFBC}") = "WinFormsUI", "External\DockPanel\WinFormsUI\WinFormsUI.csproj", "{C75532C4-765B-418E-B09B-46D36B2ABDB1}"
EndProject
Project("{FAE04EC0-301F-11D3-BF4B-00C04F79EFBC}") = "BehaviacDesignerBase", "BehaviacDesignerBase\BehaviacDesignerBase.csproj", "{7A8F9AC6-44AD-40F3-BBA7-88D9603F7030}"
EndProject
Project("{FAE04EC0-301F-11D3-BF4B-00C04F79EFBC}") = "PluginBehaviac", "Plugins\PluginBehaviac\PluginBehaviac.csproj", "{326CC795-9695-4B8E-9EB4-5C7EA28B0344}"
EndProject
Project("{8BC9CEB8-8B4A-11D0-8D11-00A0C91BC942}") = "behaviac", "..\..\projects\vs2013\behaviac.vcxproj", "{332CEEDC-7568-D84C-B9C6-B710915836ED}"
EndProject
Global
	GlobalSection(SolutionConfigurationPlatforms) = preSolution
		Debug|Any CPU = Debug|Any CPU
		Debug|Mixed Platforms = Debug|Mixed Platforms
		Debug|x86 = Debug|x86
		DebugDLL|Any CPU = DebugDLL|Any CPU
		DebugDLL|Mixed Platforms = DebugDLL|Mixed Platforms
		DebugDLL|x86 = DebugDLL|x86
		DebugStatic|Any CPU = DebugStatic|Any CPU
		DebugStatic|Mixed Platforms = DebugStatic|Mixed Platforms
		DebugStatic|x86 = DebugStatic|x86
		Release|Any CPU = Release|Any CPU
		Release|Mixed Platforms = Release|Mixed Platforms
		Release|x86 = Release|x86
		ReleaseDLL|Any CPU = ReleaseDLL|Any CPU
		ReleaseDLL|Mixed Platforms = ReleaseDLL|Mixed Platforms
		ReleaseDLL|x86 = ReleaseDLL|x86
		ReleaseStatic|Any CPU = ReleaseStatic|Any CPU
		ReleaseStatic|Mixed Platforms = ReleaseStatic|Mixed Platforms
		ReleaseStatic|x86 = ReleaseStatic|x86
	EndGlobalSection
	GlobalSection(ProjectConfigurationPlatforms) = postSolution
		{DE22E2F7-F314-458E-8D17-223CD099B2F0}.Debug|Any CPU.ActiveCfg = Debug|Any CPU
		{DE22E2F7-F314-458E-8D17-223CD099B2F0}.Debug|Any CPU.Build.0 = Debug|Any CPU
		{DE22E2F7-F314-458E-8D17-223CD099B2F0}.Debug|Mixed Platforms.ActiveCfg = Debug|Any CPU
		{DE22E2F7-F314-458E-8D17-223CD099B2F0}.Debug|Mixed Platforms.Build.0 = Debug|Any CPU
		{DE22E2F7-F314-458E-8D17-223CD099B2F0}.Debug|x86.ActiveCfg = Debug|Any CPU
		{DE22E2F7-F314-458E-8D17-223CD099B2F0}.DebugDLL|Any CPU.ActiveCfg = Debug|Any CPU
		{DE22E2F7-F314-458E-8D17-223CD099B2F0}.DebugDLL|Any CPU.Build.0 = Debug|Any CPU
		{DE22E2F7-F314-458E-8D17-223CD099B2F0}.DebugDLL|Mixed Platforms.ActiveCfg = Debug|Any CPU
		{DE22E2F7-F314-458E-8D17-223CD099B2F0}.DebugDLL|Mixed Platforms.Build.0 = Debug|Any CPU
		{DE22E2F7-F314-458E-8D17-223CD099B2F0}.DebugDLL|x86.ActiveCfg = Debug|Any CPU
		{DE22E2F7-F314-458E-8D17-223CD099B2F0}.DebugDLL|x86.Build.0 = Debug|Any CPU
		{DE22E2F7-F314-458E-8D17-223CD099B2F0}.DebugStatic|Any CPU.ActiveCfg = Debug|Any CPU
		{DE22E2F7-F314-458E-8D17-223CD099B2F0}.DebugStatic|Any CPU.Build.0 = Debug|Any CPU
		{DE22E2F7-F314-458E-8D17-223CD099B2F0}.DebugStatic|Mixed Platforms.ActiveCfg = Debug|Any CPU
		{DE22E2F7-F314-458E-8D17-223CD099B2F0}.DebugStatic|Mixed Platforms.Build.0 = Debug|Any CPU
		{DE22E2F7-F314-458E-8D17-223CD099B2F0}.DebugStatic|x86.ActiveCfg = Debug|Any CPU
		{DE22E2F7-F314-458E-8D17-223CD099B2F0}.DebugStatic|x86.Build.0 = Debug|Any CPU
		{DE22E2F7-F314-458E-8D17-223CD099B2F0}.Release|Any CPU.ActiveCfg = Release|Any CPU
		{DE22E2F7-F314-458E-8D17-223CD099B2F0}.Release|Any CPU.Build.0 = Release|Any CPU
		{DE22E2F7-F314-458E-8D17-223CD099B2F0}.Release|Mixed Platforms.ActiveCfg = Release|Any CPU
		{DE22E2F7-F314-458E-8D17-223CD099B2F0}.Release|Mixed Platforms.Build.0 = Release|Any CPU
		{DE22E2F7-F314-458E-8D17-223CD099B2F0}.Release|x86.ActiveCfg = Release|Any CPU
		{DE22E2F7-F314-458E-8D17-223CD099B2F0}.ReleaseDLL|Any CPU.ActiveCfg = Release|Any CPU
		{DE22E2F7-F314-458E-8D17-223CD099B2F0}.ReleaseDLL|Any CPU.Build.0 = Release|Any CPU
		{DE22E2F7-F314-458E-8D17-223CD099B2F0}.ReleaseDLL|Mixed Platforms.ActiveCfg = Release|Any CPU
		{DE22E2F7-F314-458E-8D17-223CD099B2F0}.ReleaseDLL|Mixed Platforms.Build.0 = Release|Any CPU
		{DE22E2F7-F314-458E-8D17-223CD099B2F0}.ReleaseDLL|x86.ActiveCfg = Release|Any CPU
		{DE22E2F7-F314-458E-8D17-223CD099B2F0}.ReleaseDLL|x86.Build.0 = Release|Any CPU
		{DE22E2F7-F314-458E-8D17-223CD099B2F0}.ReleaseStatic|Any CPU.ActiveCfg = Release|Any CPU
		{DE22E2F7-F314-458E-8D17-223CD099B2F0}.ReleaseStatic|Any CPU.Build.0 = Release|Any CPU
		{DE22E2F7-F314-458E-8D17-223CD099B2F0}.ReleaseStatic|Mixed Platforms.ActiveCfg = Release|Any CPU
		{DE22E2F7-F314-458E-8D17-223CD099B2F0}.ReleaseStatic|Mixed Platforms.Build.0 = Release|Any CPU
		{DE22E2F7-F314-458E-8D17-223CD099B2F0}.ReleaseStatic|x86.ActiveCfg = Release|Any CPU
		{DE22E2F7-F314-458E-8D17-223CD099B2F0}.ReleaseStatic|x86.Build.0 = Release|Any CPU
		{C75532C4-765B-418E-B09B-46D36B2ABDB1}.Debug|Any CPU.ActiveCfg = Debug|Any CPU
		{C75532C4-765B-418E-B09B-46D36B2ABDB1}.Debug|Any CPU.Build.0 = Debug|Any CPU
		{C75532C4-765B-418E-B09B-46D36B2ABDB1}.Debug|Mixed Platforms.ActiveCfg = Debug|Any CPU
		{C75532C4-765B-418E-B09B-46D36B2ABDB1}.Debug|Mixed Platforms.Build.0 = Debug|Any CPU
		{C75532C4-765B-418E-B09B-46D36B2ABDB1}.Debug|x86.ActiveCfg = Debug|Any CPU
		{C75532C4-765B-418E-B09B-46D36B2ABDB1}.DebugDLL|Any CPU.ActiveCfg = Debug|Any CPU
		{C75532C4-765B-418E-B09B-46D36B2ABDB1}.DebugDLL|Any CPU.Build.0 = Debug|Any CPU
		{C75532C4-765B-418E-B09B-46D36B2ABDB1}.DebugDLL|Mixed Platforms.ActiveCfg = Debug|Any CPU
		{C75532C4-765B-418E-B09B-46D36B2ABDB1}.DebugDLL|Mixed Platforms.Build.0 = Debug|Any CPU
		{C75532C4-765B-418E-B09B-46D36B2ABDB1}.DebugDLL|x86.ActiveCfg = Debug|Any CPU
		{C75532C4-765B-418E-B09B-46D36B2ABDB1}.DebugDLL|x86.Build.0 = Debug|Any CPU
		{C75532C4-765B-418E-B09B-46D36B2ABDB1}.DebugStatic|Any CPU.ActiveCfg = Debug|Any CPU
		{C75532C4-765B-418E-B09B-46D36B2ABDB1}.DebugStatic|Any CPU.Build.0 = Debug|Any CPU
		{C75532C4-765B-418E-B09B-46D36B2ABDB1}.DebugStatic|Mixed Platforms.ActiveCfg = Debug|Any CPU
		{C75532C4-765B-418E-B09B-46D36B2ABDB1}.DebugStatic|Mixed Platforms.Build.0 = Debug|Any CPU
		{C75532C4-765B-418E-B09B-46D36B2ABDB1}.DebugStatic|x86.ActiveCfg = Debug|Any CPU
		{C75532C4-765B-418E-B09B-46D36B2ABDB1}.DebugStatic|x86.Build.0 = Debug|Any CPU
		{C75532C4-765B-418E-B09B-46D36B2ABDB1}.Release|Any CPU.ActiveCfg = Release|Any CPU
		{C75532C4-765B-418E-B09B-46D36B2ABDB1}.Release|Any CPU.Build.0 = Release|Any CPU
		{C75532C4-765B-418E-B09B-46D36B2ABDB1}.Release|Mixed Platforms.ActiveCfg = Release|Any CPU
		{C75532C4-765B-418E-B09B-46D36B2ABDB1}.Release|Mixed Platforms.Build.0 = Release|Any CPU
		{C75532C4-765B-418E-B09B-46D36B2ABDB1}.Release|x86.ActiveCfg = Release|Any CPU
		{C75532C4-765B-418E-B09B-46D36B2ABDB1}.ReleaseDLL|Any CPU.ActiveCfg = Release|Any CPU
		{C75532C4-765B-418E-B09B-46D36B2ABDB1}.ReleaseDLL|Any CPU.Build.0 = Release|Any CPU
		{C75532C4-765B-418E-B09B-46D36B2ABDB1}.ReleaseDLL|Mixed Platforms.ActiveCfg = Release|Any CPU
		{C75532C4-765B-418E-B09B-46D36B2ABDB1}.ReleaseDLL|Mixed Platforms.Build.0 = Release|Any CPU
		{C75532C4-765B-418E-B09B-46D36B2ABDB1}.ReleaseDLL|x86.ActiveCfg = Release|Any CPU
		{C75532C4-765B-418E-B09B-46D36B2ABDB1}.ReleaseDLL|x86.Build.0 = Release|Any CPU
		{C75532C4-765B-418E-B09B-46D36B2ABDB1}.ReleaseStatic|Any CPU.ActiveCfg = Release|Any CPU
		{C75532C4-765B-418E-B09B-46D36B2ABDB1}.ReleaseStatic|Any CPU.Build.0 = Release|Any CPU
		{C75532C4-765B-418E-B09B-46D36B2ABDB1}.ReleaseStatic|Mixed Platforms.ActiveCfg = Release|Any CPU
		{C75532C4-765B-418E-B09B-46D36B2ABDB1}.ReleaseStatic|Mixed Platforms.Build.0 = Release|Any CPU
		{C75532C4-765B-418E-B09B-46D36B2ABDB1}.ReleaseStatic|x86.ActiveCfg = Release|Any CPU
		{C75532C4-765B-418E-B09B-46D36B2ABDB1}.ReleaseStatic|x86.Build.0 = Release|Any CPU
		{7A8F9AC6-44AD-40F3-BBA7-88D9603F7030}.Debug|Any CPU.ActiveCfg = Debug|Any CPU
		{7A8F9AC6-44AD-40F3-BBA7-88D9603F7030}.Debug|Any CPU.Build.0 = Debug|Any CPU
		{7A8F9AC6-44AD-40F3-BBA7-88D9603F7030}.Debug|Mixed Platforms.ActiveCfg = Debug|Any CPU
		{7A8F9AC6-44AD-40F3-BBA7-88D9603F7030}.Debug|Mixed Platforms.Build.0 = Debug|Any CPU
		{7A8F9AC6-44AD-40F3-BBA7-88D9603F7030}.Debug|x86.ActiveCfg = Debug|Any CPU
		{7A8F9AC6-44AD-40F3-BBA7-88D9603F7030}.DebugDLL|Any CPU.ActiveCfg = Debug|Any CPU
		{7A8F9AC6-44AD-40F3-BBA7-88D9603F7030}.DebugDLL|Any CPU.Build.0 = Debug|Any CPU
		{7A8F9AC6-44AD-40F3-BBA7-88D9603F7030}.DebugDLL|Mixed Platforms.ActiveCfg = Debug|Any CPU
		{7A8F9AC6-44AD-40F3-BBA7-88D9603F7030}.DebugDLL|Mixed Platforms.Build.0 = Debug|Any CPU
		{7A8F9AC6-44AD-40F3-BBA7-88D9603F7030}.DebugDLL|x86.ActiveCfg = Debug|Any CPU
		{7A8F9AC6-44AD-40F3-BBA7-88D9603F7030}.DebugDLL|x86.Build.0 = Debug|Any CPU
		{7A8F9AC6-44AD-40F3-BBA7-88D9603F7030}.DebugStatic|Any CPU.ActiveCfg = Debug|Any CPU
		{7A8F9AC6-44AD-40F3-BBA7-88D9603F7030}.DebugStatic|Any CPU.Build.0 = Debug|Any CPU
		{7A8F9AC6-44AD-40F3-BBA7-88D9603F7030}.DebugStatic|Mixed Platforms.ActiveCfg = Debug|Any CPU
		{7A8F9AC6-44AD-40F3-BBA7-88D9603F7030}.DebugStatic|Mixed Platforms.Build.0 = Debug|Any CPU
		{7A8F9AC6-44AD-40F3-BBA7-88D9603F7030}.DebugStatic|x86.ActiveCfg = Debug|Any CPU
		{7A8F9AC6-44AD-40F3-BBA7-88D9603F7030}.DebugStatic|x86.Build.0 = Debug|Any CPU
		{7A8F9AC6-44AD-40F3-BBA7-88D9603F7030}.Release|Any CPU.ActiveCfg = Release|Any CPU
		{7A8F9AC6-44AD-40F3-BBA7-88D9603F7030}.Release|Any CPU.Build.0 = Release|Any CPU
		{7A8F9AC6-44AD-40F3-BBA7-88D9603F7030}.Release|Mixed Platforms.ActiveCfg = Release|Any CPU
		{7A8F9AC6-44AD-40F3-BBA7-88D9603F7030}.Release|Mixed Platforms.Build.0 = Release|Any CPU
		{7A8F9AC6-44AD-40F3-BBA7-88D9603F7030}.Release|x86.ActiveCfg = Release|Any CPU
		{7A8F9AC6-44AD-40F3-BBA7-88D9603F7030}.ReleaseDLL|Any CPU.ActiveCfg = Release|Any CPU
		{7A8F9AC6-44AD-40F3-BBA7-88D9603F7030}.ReleaseDLL|Any CPU.Build.0 = Release|Any CPU
		{7A8F9AC6-44AD-40F3-BBA7-88D9603F7030}.ReleaseDLL|Mixed Platforms.ActiveCfg = Release|Any CPU
		{7A8F9AC6-44AD-40F3-BBA7-88D9603F7030}.ReleaseDLL|Mixed Platforms.Build.0 = Release|Any CPU
		{7A8F9AC6-44AD-40F3-BBA7-88D9603F7030}.ReleaseDLL|x86.ActiveCfg = Release|Any CPU
		{7A8F9AC6-44AD-40F3-BBA7-88D9603F7030}.ReleaseDLL|x86.Build.0 = Release|Any CPU
		{7A8F9AC6-44AD-40F3-BBA7-88D9603F7030}.ReleaseStatic|Any CPU.ActiveCfg = Release|Any CPU
		{7A8F9AC6-44AD-40F3-BBA7-88D9603F7030}.ReleaseStatic|Any CPU.Build.0 = Release|Any CPU
		{7A8F9AC6-44AD-40F3-BBA7-88D9603F7030}.ReleaseStatic|Mixed Platforms.ActiveCfg = Release|Any CPU
		{7A8F9AC6-44AD-40F3-BBA7-88D9603F7030}.ReleaseStatic|Mixed Platforms.Build.0 = Release|Any CPU
		{7A8F9AC6-44AD-40F3-BBA7-88D9603F7030}.ReleaseStatic|x86.ActiveCfg = Release|Any CPU
		{7A8F9AC6-44AD-40F3-BBA7-88D9603F7030}.ReleaseStatic|x86.Build.0 = Release|Any CPU
		{326CC795-9695-4B8E-9EB4-5C7EA28B0344}.Debug|Any CPU.ActiveCfg = Debug|Any CPU
		{326CC795-9695-4B8E-9EB4-5C7EA28B0344}.Debug|Any CPU.Build.0 = Debug|Any CPU
		{326CC795-9695-4B8E-9EB4-5C7EA28B0344}.Debug|Mixed Platforms.ActiveCfg = Debug|Any CPU
		{326CC795-9695-4B8E-9EB4-5C7EA28B0344}.Debug|Mixed Platforms.Build.0 = Debug|Any CPU
		{326CC795-9695-4B8E-9EB4-5C7EA28B0344}.Debug|x86.ActiveCfg = Debug|Any CPU
		{326CC795-9695-4B8E-9EB4-5C7EA28B0344}.DebugDLL|Any CPU.ActiveCfg = Debug|Any CPU
		{326CC795-9695-4B8E-9EB4-5C7EA28B0344}.DebugDLL|Any CPU.Build.0 = Debug|Any CPU
		{326CC795-9695-4B8E-9EB4-5C7EA28B0344}.DebugDLL|Mixed Platforms.ActiveCfg = Debug|Any CPU
		{326CC795-9695-4B8E-9EB4-5C7EA28B0344}.DebugDLL|Mixed Platforms.Build.0 = Debug|Any CPU
		{326CC795-9695-4B8E-9EB4-5C7EA28B0344}.DebugDLL|x86.ActiveCfg = Debug|Any CPU
		{326CC795-9695-4B8E-9EB4-5C7EA28B0344}.DebugDLL|x86.Build.0 = Debug|Any CPU
		{326CC795-9695-4B8E-9EB4-5C7EA28B0344}.DebugStatic|Any CPU.ActiveCfg = Debug|Any CPU
		{326CC795-9695-4B8E-9EB4-5C7EA28B0344}.DebugStatic|Any CPU.Build.0 = Debug|Any CPU
		{326CC795-9695-4B8E-9EB4-5C7EA28B0344}.DebugStatic|Mixed Platforms.ActiveCfg = Debug|Any CPU
		{326CC795-9695-4B8E-9EB4-5C7EA28B0344}.DebugStatic|Mixed Platforms.Build.0 = Debug|Any CPU
		{326CC795-9695-4B8E-9EB4-5C7EA28B0344}.DebugStatic|x86.ActiveCfg = Debug|Any CPU
		{326CC795-9695-4B8E-9EB4-5C7EA28B0344}.DebugStatic|x86.Build.0 = Debug|Any CPU
		{326CC795-9695-4B8E-9EB4-5C7EA28B0344}.Release|Any CPU.ActiveCfg = Release|Any CPU
		{326CC795-9695-4B8E-9EB4-5C7EA28B0344}.Release|Any CPU.Build.0 = Release|Any CPU
		{326CC795-9695-4B8E-9EB4-5C7EA28B0344}.Release|Mixed Platforms.ActiveCfg = Release|Any CPU
		{326CC795-9695-4B8E-9EB4-5C7EA28B0344}.Release|Mixed Platforms.Build.0 = Release|Any CPU
		{326CC795-9695-4B8E-9EB4-5C7EA28B0344}.Release|x86.ActiveCfg = Release|Any CPU
		{326CC795-9695-4B8E-9EB4-5C7EA28B0344}.ReleaseDLL|Any CPU.ActiveCfg = Release|Any CPU
		{326CC795-9695-4B8E-9EB4-5C7EA28B0344}.ReleaseDLL|Any CPU.Build.0 = Release|Any CPU
		{326CC795-9695-4B8E-9EB4-5C7EA28B0344}.ReleaseDLL|Mixed Platforms.ActiveCfg = Release|Any CPU
		{326CC795-9695-4B8E-9EB4-5C7EA28B0344}.ReleaseDLL|Mixed Platforms.Build.0 = Release|Any CPU
		{326CC795-9695-4B8E-9EB4-5C7EA28B0344}.ReleaseDLL|x86.ActiveCfg = Release|Any CPU
		{326CC795-9695-4B8E-9EB4-5C7EA28B0344}.ReleaseDLL|x86.Build.0 = Release|Any CPU
		{326CC795-9695-4B8E-9EB4-5C7EA28B0344}.ReleaseStatic|Any CPU.ActiveCfg = Release|Any CPU
		{326CC795-9695-4B8E-9EB4-5C7EA28B0344}.ReleaseStatic|Any CPU.Build.0 = Release|Any CPU
		{326CC795-9695-4B8E-9EB4-5C7EA28B0344}.ReleaseStatic|Mixed Platforms.ActiveCfg = Release|Any CPU
		{326CC795-9695-4B8E-9EB4-5C7EA28B0344}.ReleaseStatic|Mixed Platforms.Build.0 = Release|Any CPU
		{326CC795-9695-4B8E-9EB4-5C7EA28B0344}.ReleaseStatic|x86.ActiveCfg = Release|Any CPU
		{326CC795-9695-4B8E-9EB4-5C7EA28B0344}.ReleaseStatic|x86.Build.0 = Release|Any CPU
		{332CEEDC-7568-D84C-B9C6-B710915836ED}.Debug|Any CPU.ActiveCfg = DebugDLL|Win32
		{332CEEDC-7568-D84C-B9C6-B710915836ED}.Debug|Any CPU.Build.0 = DebugDLL|Win32
		{332CEEDC-7568-D84C-B9C6-B710915836ED}.Debug|Mixed Platforms.ActiveCfg = DebugDLL|Win32
		{332CEEDC-7568-D84C-B9C6-B710915836ED}.Debug|Mixed Platforms.Build.0 = DebugDLL|Win32
		{332CEEDC-7568-D84C-B9C6-B710915836ED}.Debug|x86.ActiveCfg = DebugDLL|Win32
		{332CEEDC-7568-D84C-B9C6-B710915836ED}.Debug|x86.Build.0 = DebugDLL|Win32
		{332CEEDC-7568-D84C-B9C6-B710915836ED}.DebugDLL|Any CPU.ActiveCfg = DebugDLL|Win32
		{332CEEDC-7568-D84C-B9C6-B710915836ED}.DebugDLL|Any CPU.Build.0 = DebugDLL|Win32
		{332CEEDC-7568-D84C-B9C6-B710915836ED}.DebugDLL|Mixed Platforms.ActiveCfg = DebugDLL|Win32
		{332CEEDC-7568-D84C-B9C6-B710915836ED}.DebugDLL|Mixed Platforms.Build.0 = DebugDLL|Win32
		{332CEEDC-7568-D84C-B9C6-B710915836ED}.DebugDLL|x86.ActiveCfg = DebugDLL|Win32
		{332CEEDC-7568-D84C-B9C6-B710915836ED}.DebugDLL|x86.Build.0 = DebugDLL|Win32
		{332CEEDC-7568-D84C-B9C6-B710915836ED}.DebugStatic|Any CPU.ActiveCfg = DebugStatic|Win32
		{332CEEDC-7568-D84C-B9C6-B710915836ED}.DebugStatic|Any CPU.Build.0 = DebugStatic|Win32
		{332CEEDC-7568-D84C-B9C6-B710915836ED}.DebugStatic|Mixed Platforms.ActiveCfg = DebugStatic|Win32
		{332CEEDC-7568-D84C-B9C6-B710915836ED}.DebugStatic|Mixed Platforms.Build.0 = DebugStatic|Win32
		{332CEEDC-7568-D84C-B9C6-B710915836ED}.DebugStatic|x86.ActiveCfg = DebugStatic|Win32
		{332CEEDC-7568-D84C-B9C6-B710915836ED}.DebugStatic|x86.Build.0 = DebugStatic|Win32
		{332CEEDC-7568-D84C-B9C6-B710915836ED}.Release|Any CPU.ActiveCfg = ReleaseStatic|Win32
		{332CEEDC-7568-D84C-B9C6-B710915836ED}.Release|Any CPU.Build.0 = ReleaseStatic|Win32
		{332CEEDC-7568-D84C-B9C6-B710915836ED}.Release|Mixed Platforms.ActiveCfg = ReleaseStatic|Win32
		{332CEEDC-7568-D84C-B9C6-B710915836ED}.Release|Mixed Platforms.Build.0 = ReleaseStatic|Win32
		{332CEEDC-7568-D84C-B9C6-B710915836ED}.Release|x86.ActiveCfg = ReleaseStatic|Win32
		{332CEEDC-7568-D84C-B9C6-B710915836ED}.Release|x86.Build.0 = ReleaseStatic|Win32
		{332CEEDC-7568-D84C-B9C6-B710915836ED}.ReleaseDLL|Any CPU.ActiveCfg = ReleaseDLL|Win32
		{332CEEDC-7568-D84C-B9C6-B710915836ED}.ReleaseDLL|Any CPU.Build.0 = ReleaseDLL|Win32
		{332CEEDC-7568-D84C-B9C6-B710915836ED}.ReleaseDLL|Mixed Platforms.ActiveCfg = ReleaseDLL|Win32
		{332CEEDC-7568-D84C-B9C6-B710915836ED}.ReleaseDLL|Mixed Platforms.Build.0 = ReleaseDLL|Win32
		{332CEEDC-7568-D84C-B9C6-B710915836ED}.ReleaseDLL|x86.ActiveCfg = ReleaseDLL|Win32
		{332CEEDC-7568-D84C-B9C6-B710915836ED}.ReleaseDLL|x86.Build.0 = ReleaseDLL|Win32
		{332CEEDC-7568-D84C-B9C6-B710915836ED}.ReleaseStatic|Any CPU.ActiveCfg = ReleaseStatic|Win32
		{332CEEDC-7568-D84C-B9C6-B710915836ED}.ReleaseStatic|Any CPU.Build.0 = ReleaseStatic|Win32
		{332CEEDC-7568-D84C-B9C6-B710915836ED}.ReleaseStatic|Mixed Platforms.ActiveCfg = ReleaseStatic|Win32
		{332CEEDC-7568-D84C-B9C6-B710915836ED}.ReleaseStatic|Mixed Platforms.Build.0 = ReleaseStatic|Win32
		{332CEEDC-7568-D84C-B9C6-B710915836ED}.ReleaseStatic|x86.ActiveCfg = ReleaseStatic|Win32
		{332CEEDC-7568-D84C-B9C6-B710915836ED}.ReleaseStatic|x86.Build.0 = ReleaseStatic|Win32
	EndGlobalSection
	GlobalSection(SolutionProperties) = preSolution
		HideSolutionNode = FALSE
	EndGlobalSection
	GlobalSection(NestedProjects) = preSolution
		{C75532C4-765B-418E-B09B-46D36B2ABDB1} = {1308CF86-BE9E-40FB-B47D-C1AA3E8B69CD}
		{326CC795-9695-4B8E-9EB4-5C7EA28B0344} = {8DEE9CBE-EB22-4409-936B-4C09C9E7004D}
	EndGlobalSection
	GlobalSection(ExtensibilityGlobals) = postSolution
		SolutionGuid = {7F0A923F-A4F9-4ABE-86E1-D0A8EE17C78D}
	EndGlobalSection
EndGlobal
